
Microsoft Visual Studio Solution File, Format Version 12.00
# Visual Studio Version 17
VisualStudioVersion = 17.3.32825.248
MinimumVisualStudioVersion = 10.0.40219.1
Project("{FAE04EC0-301F-11D3-BF4B-00C04F79EFBC}") = "MyMate_Network_Library", "MyMate_Network_Library.csproj", "{71FFEF5C-A755-4755-BE63-15EEFFB7109C}"
EndProject
Global
	GlobalSection(SolutionConfigurationPlatforms) = preSolution
		Debug|Any CPU = Debug|Any CPU
		Release|Any CPU = Release|Any CPU
	EndGlobalSection
	GlobalSection(ProjectConfigurationPlatforms) = postSolution
		{71FFEF5C-A755-4755-BE63-15EEFFB7109C}.Debug|Any CPU.ActiveCfg = Debug|Any CPU
		{71FFEF5C-A755-4755-BE63-15EEFFB7109C}.Debug|Any CPU.Build.0 = Debug|Any CPU
		{71FFEF5C-A755-4755-BE63-15EEFFB7109C}.Release|Any CPU.ActiveCfg = Release|Any CPU
		{71FFEF5C-A755-4755-BE63-15EEFFB7109C}.Release|Any CPU.Build.0 = Release|Any CPU
	EndGlobalSection
	GlobalSection(SolutionProperties) = preSolution
		HideSolutionNode = FALSE
	EndGlobalSection
	GlobalSection(ExtensibilityGlobals) = postSolution
		SolutionGuid = {74E343AB-FB2B-40A4-A717-1DE546C0740F}
	EndGlobalSection
EndGlobal
