
Microsoft Visual Studio Solution File, Format Version 12.00
# Visual Studio Version 17
VisualStudioVersion = 17.3.32825.248
MinimumVisualStudioVersion = 10.0.40219.1
Project("{9A19103F-16F7-4668-BE54-9A1E7A4F7556}") = "MyMate_Network_Library", "MyMate_Network_Library.csproj", "{71FFEF5C-A755-4755-BE63-15EEFFB7109C}"
EndProject
Project("{9A19103F-16F7-4668-BE54-9A1E7A4F7556}") = "TestDataSender", "..\TestDataSender\TestDataSender.csproj", "{5162FC96-0451-4BB8-A6DE-1F9F660AD7F2}"
EndProject
Project("{9A19103F-16F7-4668-BE54-9A1E7A4F7556}") = "ClientToServer", "..\ClientToServer\ClientToServer.csproj", "{9FBE372D-5ACA-479A-8A2E-615481F458CE}"
EndProject
Project("{9A19103F-16F7-4668-BE54-9A1E7A4F7556}") = "ServerToClient", "..\ServerToClient\ServerToClient.csproj", "{DEDEF9F2-767A-4947-B6E6-8D4239482B07}"
EndProject
Project("{2150E333-8FDC-42A3-9474-1A3956D46DE8}") = "솔루션 항목", "솔루션 항목", "{E147BE2A-8CC6-4214-AE84-AEDE232EA5B8}"
	ProjectSection(SolutionItems) = preProject
		..\..\working list.txt = ..\..\working list.txt
	EndProjectSection
EndProject
Project("{9A19103F-16F7-4668-BE54-9A1E7A4F7556}") = "ProjectBuilder", "..\ProjectBuilder\ProjectBuilder.csproj", "{F4211EAD-09F6-4595-862E-55D014EAECDA}"
EndProject
Project("{2150E333-8FDC-42A3-9474-1A3956D46DE8}") = "TestProject", "TestProject", "{927DA3C5-64E7-4BC5-965E-AA5A8226ED15}"
EndProject
Project("{FAE04EC0-301F-11D3-BF4B-00C04F79EFBC}") = "TestClient", "..\TestClient\TestClient.csproj", "{42894F37-94BA-4532-96A9-7E08744497B0}"
EndProject
Project("{FAE04EC0-301F-11D3-BF4B-00C04F79EFBC}") = "TestServer", "..\TestServer\TestServer.csproj", "{89AE888B-96B4-4C52-A0A8-01A7EC2E1581}"
EndProject
Global
	GlobalSection(SolutionConfigurationPlatforms) = preSolution
		Debug|Any CPU = Debug|Any CPU
		Release|Any CPU = Release|Any CPU
	EndGlobalSection
	GlobalSection(ProjectConfigurationPlatforms) = postSolution
		{71FFEF5C-A755-4755-BE63-15EEFFB7109C}.Debug|Any CPU.ActiveCfg = Debug|Any CPU
		{71FFEF5C-A755-4755-BE63-15EEFFB7109C}.Debug|Any CPU.Build.0 = Debug|Any CPU
		{71FFEF5C-A755-4755-BE63-15EEFFB7109C}.Release|Any CPU.ActiveCfg = Release|Any CPU
		{71FFEF5C-A755-4755-BE63-15EEFFB7109C}.Release|Any CPU.Build.0 = Release|Any CPU
		{5162FC96-0451-4BB8-A6DE-1F9F660AD7F2}.Debug|Any CPU.ActiveCfg = Debug|Any CPU
		{5162FC96-0451-4BB8-A6DE-1F9F660AD7F2}.Debug|Any CPU.Build.0 = Debug|Any CPU
		{5162FC96-0451-4BB8-A6DE-1F9F660AD7F2}.Release|Any CPU.ActiveCfg = Release|Any CPU
		{5162FC96-0451-4BB8-A6DE-1F9F660AD7F2}.Release|Any CPU.Build.0 = Release|Any CPU
		{9FBE372D-5ACA-479A-8A2E-615481F458CE}.Debug|Any CPU.ActiveCfg = Debug|Any CPU
		{9FBE372D-5ACA-479A-8A2E-615481F458CE}.Debug|Any CPU.Build.0 = Debug|Any CPU
		{9FBE372D-5ACA-479A-8A2E-615481F458CE}.Release|Any CPU.ActiveCfg = Release|Any CPU
		{9FBE372D-5ACA-479A-8A2E-615481F458CE}.Release|Any CPU.Build.0 = Release|Any CPU
		{DEDEF9F2-767A-4947-B6E6-8D4239482B07}.Debug|Any CPU.ActiveCfg = Debug|Any CPU
		{DEDEF9F2-767A-4947-B6E6-8D4239482B07}.Debug|Any CPU.Build.0 = Debug|Any CPU
		{DEDEF9F2-767A-4947-B6E6-8D4239482B07}.Release|Any CPU.ActiveCfg = Release|Any CPU
		{DEDEF9F2-767A-4947-B6E6-8D4239482B07}.Release|Any CPU.Build.0 = Release|Any CPU
		{F4211EAD-09F6-4595-862E-55D014EAECDA}.Debug|Any CPU.ActiveCfg = Debug|Any CPU
		{F4211EAD-09F6-4595-862E-55D014EAECDA}.Debug|Any CPU.Build.0 = Debug|Any CPU
		{F4211EAD-09F6-4595-862E-55D014EAECDA}.Release|Any CPU.ActiveCfg = Release|Any CPU
		{F4211EAD-09F6-4595-862E-55D014EAECDA}.Release|Any CPU.Build.0 = Release|Any CPU
		{42894F37-94BA-4532-96A9-7E08744497B0}.Debug|Any CPU.ActiveCfg = Debug|Any CPU
		{42894F37-94BA-4532-96A9-7E08744497B0}.Debug|Any CPU.Build.0 = Debug|Any CPU
		{42894F37-94BA-4532-96A9-7E08744497B0}.Release|Any CPU.ActiveCfg = Release|Any CPU
		{42894F37-94BA-4532-96A9-7E08744497B0}.Release|Any CPU.Build.0 = Release|Any CPU
		{89AE888B-96B4-4C52-A0A8-01A7EC2E1581}.Debug|Any CPU.ActiveCfg = Debug|Any CPU
		{89AE888B-96B4-4C52-A0A8-01A7EC2E1581}.Debug|Any CPU.Build.0 = Debug|Any CPU
		{89AE888B-96B4-4C52-A0A8-01A7EC2E1581}.Release|Any CPU.ActiveCfg = Release|Any CPU
		{89AE888B-96B4-4C52-A0A8-01A7EC2E1581}.Release|Any CPU.Build.0 = Release|Any CPU
	EndGlobalSection
	GlobalSection(SolutionProperties) = preSolution
		HideSolutionNode = FALSE
	EndGlobalSection
	GlobalSection(NestedProjects) = preSolution
		{42894F37-94BA-4532-96A9-7E08744497B0} = {927DA3C5-64E7-4BC5-965E-AA5A8226ED15}
		{89AE888B-96B4-4C52-A0A8-01A7EC2E1581} = {927DA3C5-64E7-4BC5-965E-AA5A8226ED15}
	EndGlobalSection
	GlobalSection(ExtensibilityGlobals) = postSolution
		SolutionGuid = {74E343AB-FB2B-40A4-A717-1DE546C0740F}
	EndGlobalSection
EndGlobal
