
Microsoft Visual Studio Solution File, Format Version 12.00
# Visual Studio Version 17
VisualStudioVersion = 17.1.32228.430
MinimumVisualStudioVersion = 10.0.40219.1
Project("{FAE04EC0-301F-11D3-BF4B-00C04F79EFBC}") = "MyMate", "MyMate\MyMate.csproj", "{89FF43D5-F701-4D73-973A-319AD7A0871C}"
EndProject
Project("{FAE04EC0-301F-11D3-BF4B-00C04F79EFBC}") = "TestLibrary", "TestLibrary\TestLibrary.csproj", "{019E5A5D-EB8F-4BB7-AFCE-9F405907F00F}"
EndProject
Project("{FAE04EC0-301F-11D3-BF4B-00C04F79EFBC}") = "ClientNetwork", "Client_Network\ClientNetwork.csproj", "{5ED41F72-1AC0-4685-9D88-D2C258D0110B}"
EndProject
Project("{FAE04EC0-301F-11D3-BF4B-00C04F79EFBC}") = "ServerNetwork", "ServerNetwork\ServerNetwork.csproj", "{36F000C9-05BB-47D6-BFB6-8C59F1C24D85}"
EndProject
Global
	GlobalSection(SolutionConfigurationPlatforms) = preSolution
		Debug|Any CPU = Debug|Any CPU
		Release|Any CPU = Release|Any CPU
	EndGlobalSection
	GlobalSection(ProjectConfigurationPlatforms) = postSolution
		{89FF43D5-F701-4D73-973A-319AD7A0871C}.Debug|Any CPU.ActiveCfg = Debug|Any CPU
		{89FF43D5-F701-4D73-973A-319AD7A0871C}.Debug|Any CPU.Build.0 = Debug|Any CPU
		{89FF43D5-F701-4D73-973A-319AD7A0871C}.Release|Any CPU.ActiveCfg = Release|Any CPU
		{89FF43D5-F701-4D73-973A-319AD7A0871C}.Release|Any CPU.Build.0 = Release|Any CPU
		{019E5A5D-EB8F-4BB7-AFCE-9F405907F00F}.Debug|Any CPU.ActiveCfg = Debug|Any CPU
		{019E5A5D-EB8F-4BB7-AFCE-9F405907F00F}.Debug|Any CPU.Build.0 = Debug|Any CPU
		{019E5A5D-EB8F-4BB7-AFCE-9F405907F00F}.Release|Any CPU.ActiveCfg = Release|Any CPU
		{019E5A5D-EB8F-4BB7-AFCE-9F405907F00F}.Release|Any CPU.Build.0 = Release|Any CPU
		{5ED41F72-1AC0-4685-9D88-D2C258D0110B}.Debug|Any CPU.ActiveCfg = Debug|Any CPU
		{5ED41F72-1AC0-4685-9D88-D2C258D0110B}.Debug|Any CPU.Build.0 = Debug|Any CPU
		{5ED41F72-1AC0-4685-9D88-D2C258D0110B}.Release|Any CPU.ActiveCfg = Release|Any CPU
		{5ED41F72-1AC0-4685-9D88-D2C258D0110B}.Release|Any CPU.Build.0 = Release|Any CPU
		{36F000C9-05BB-47D6-BFB6-8C59F1C24D85}.Debug|Any CPU.ActiveCfg = Debug|Any CPU
		{36F000C9-05BB-47D6-BFB6-8C59F1C24D85}.Debug|Any CPU.Build.0 = Debug|Any CPU
		{36F000C9-05BB-47D6-BFB6-8C59F1C24D85}.Release|Any CPU.ActiveCfg = Release|Any CPU
		{36F000C9-05BB-47D6-BFB6-8C59F1C24D85}.Release|Any CPU.Build.0 = Release|Any CPU
	EndGlobalSection
	GlobalSection(SolutionProperties) = preSolution
		HideSolutionNode = FALSE
	EndGlobalSection
	GlobalSection(ExtensibilityGlobals) = postSolution
		SolutionGuid = {251FBD8F-E052-46E6-9034-6F36ABEFBD7B}
	EndGlobalSection
EndGlobal
