
Microsoft Visual Studio Solution File, Format Version 12.00
# Visual Studio Version 17
VisualStudioVersion = 17.1.32228.430
MinimumVisualStudioVersion = 10.0.40219.1
Project("{9A19103F-16F7-4668-BE54-9A1E7A4F7556}") = "TestLibrary", "TestLibrary\TestLibrary.csproj", "{019E5A5D-EB8F-4BB7-AFCE-9F405907F00F}"
EndProject
Project("{9A19103F-16F7-4668-BE54-9A1E7A4F7556}") = "ClientNetwork", "ClientNetwork\ClientNetwork.csproj", "{5ED41F72-1AC0-4685-9D88-D2C258D0110B}"
EndProject
Project("{9A19103F-16F7-4668-BE54-9A1E7A4F7556}") = "ServerNetwork", "ServerNetwork\ServerNetwork.csproj", "{36F000C9-05BB-47D6-BFB6-8C59F1C24D85}"
EndProject
Project("{2150E333-8FDC-42A3-9474-1A3956D46DE8}") = "Solution Items", "Solution Items", "{739D775D-0716-4221-BEB4-B7AABB2D19A7}"
	ProjectSection(SolutionItems) = preProject
		.editorconfig = .editorconfig
	EndProjectSection
EndProject
Project("{2150E333-8FDC-42A3-9474-1A3956D46DE8}") = "솔루션 항목", "솔루션 항목", "{BA5B67D7-408E-4686-BC38-09FD60382406}"
	ProjectSection(SolutionItems) = preProject
		..\working list.txt = ..\working list.txt
	EndProjectSection
EndProject
Project("{9A19103F-16F7-4668-BE54-9A1E7A4F7556}") = "Protocol", "Protocal\Protocol.csproj", "{6AF4DA19-77B0-4B1E-BD53-7A2CD2ED39D4}"
EndProject
Project("{9A19103F-16F7-4668-BE54-9A1E7A4F7556}") = "TestProject", "TestProject\TestProject.csproj", "{7A4D21B4-04E7-4E0A-91AA-3D4B5525E5E4}"
EndProject
Project("{FAE04EC0-301F-11D3-BF4B-00C04F79EFBC}") = "TestDataSender", "TestDataSender\TestDataSender.csproj", "{39448288-80B7-433A-AF21-228C6F674654}"
EndProject
Global
	GlobalSection(SolutionConfigurationPlatforms) = preSolution
		Debug|Any CPU = Debug|Any CPU
		Release|Any CPU = Release|Any CPU
	EndGlobalSection
	GlobalSection(ProjectConfigurationPlatforms) = postSolution
		{019E5A5D-EB8F-4BB7-AFCE-9F405907F00F}.Debug|Any CPU.ActiveCfg = Debug|Any CPU
		{019E5A5D-EB8F-4BB7-AFCE-9F405907F00F}.Debug|Any CPU.Build.0 = Debug|Any CPU
		{019E5A5D-EB8F-4BB7-AFCE-9F405907F00F}.Release|Any CPU.ActiveCfg = Release|Any CPU
		{019E5A5D-EB8F-4BB7-AFCE-9F405907F00F}.Release|Any CPU.Build.0 = Release|Any CPU
		{5ED41F72-1AC0-4685-9D88-D2C258D0110B}.Debug|Any CPU.ActiveCfg = Debug|Any CPU
		{5ED41F72-1AC0-4685-9D88-D2C258D0110B}.Debug|Any CPU.Build.0 = Debug|Any CPU
		{5ED41F72-1AC0-4685-9D88-D2C258D0110B}.Release|Any CPU.ActiveCfg = Release|Any CPU
		{5ED41F72-1AC0-4685-9D88-D2C258D0110B}.Release|Any CPU.Build.0 = Release|Any CPU
		{36F000C9-05BB-47D6-BFB6-8C59F1C24D85}.Debug|Any CPU.ActiveCfg = Debug|Any CPU
		{36F000C9-05BB-47D6-BFB6-8C59F1C24D85}.Debug|Any CPU.Build.0 = Debug|Any CPU
		{36F000C9-05BB-47D6-BFB6-8C59F1C24D85}.Release|Any CPU.ActiveCfg = Release|Any CPU
		{36F000C9-05BB-47D6-BFB6-8C59F1C24D85}.Release|Any CPU.Build.0 = Release|Any CPU
		{6AF4DA19-77B0-4B1E-BD53-7A2CD2ED39D4}.Debug|Any CPU.ActiveCfg = Debug|Any CPU
		{6AF4DA19-77B0-4B1E-BD53-7A2CD2ED39D4}.Debug|Any CPU.Build.0 = Debug|Any CPU
		{6AF4DA19-77B0-4B1E-BD53-7A2CD2ED39D4}.Release|Any CPU.ActiveCfg = Release|Any CPU
		{6AF4DA19-77B0-4B1E-BD53-7A2CD2ED39D4}.Release|Any CPU.Build.0 = Release|Any CPU
		{7A4D21B4-04E7-4E0A-91AA-3D4B5525E5E4}.Debug|Any CPU.ActiveCfg = Debug|Any CPU
		{7A4D21B4-04E7-4E0A-91AA-3D4B5525E5E4}.Debug|Any CPU.Build.0 = Debug|Any CPU
		{7A4D21B4-04E7-4E0A-91AA-3D4B5525E5E4}.Release|Any CPU.ActiveCfg = Release|Any CPU
		{7A4D21B4-04E7-4E0A-91AA-3D4B5525E5E4}.Release|Any CPU.Build.0 = Release|Any CPU
		{39448288-80B7-433A-AF21-228C6F674654}.Debug|Any CPU.ActiveCfg = Debug|Any CPU
		{39448288-80B7-433A-AF21-228C6F674654}.Debug|Any CPU.Build.0 = Debug|Any CPU
		{39448288-80B7-433A-AF21-228C6F674654}.Release|Any CPU.ActiveCfg = Release|Any CPU
		{39448288-80B7-433A-AF21-228C6F674654}.Release|Any CPU.Build.0 = Release|Any CPU
	EndGlobalSection
	GlobalSection(SolutionProperties) = preSolution
		HideSolutionNode = FALSE
	EndGlobalSection
	GlobalSection(ExtensibilityGlobals) = postSolution
		SolutionGuid = {251FBD8F-E052-46E6-9034-6F36ABEFBD7B}
	EndGlobalSection
EndGlobal
